
Microsoft Visual Studio Solution File, Format Version 12.00
# Visual Studio Version 16
VisualStudioVersion = 16.0.31005.135
MinimumVisualStudioVersion = 10.0.40219.1
Project("{FAE04EC0-301F-11D3-BF4B-00C04F79EFBC}") = "TasksAPI", "TasksAPI.csproj", "{335837E9-224A-4A71-965D-F04F19BA07E0}"
EndProject
Global
	GlobalSection(SolutionConfigurationPlatforms) = preSolution
		Debug|Any CPU = Debug|Any CPU
		Release|Any CPU = Release|Any CPU
	EndGlobalSection
	GlobalSection(ProjectConfigurationPlatforms) = postSolution
		{335837E9-224A-4A71-965D-F04F19BA07E0}.Debug|Any CPU.ActiveCfg = Debug|Any CPU
		{335837E9-224A-4A71-965D-F04F19BA07E0}.Debug|Any CPU.Build.0 = Debug|Any CPU
		{335837E9-224A-4A71-965D-F04F19BA07E0}.Release|Any CPU.ActiveCfg = Release|Any CPU
		{335837E9-224A-4A71-965D-F04F19BA07E0}.Release|Any CPU.Build.0 = Release|Any CPU
	EndGlobalSection
	GlobalSection(SolutionProperties) = preSolution
		HideSolutionNode = FALSE
	EndGlobalSection
	GlobalSection(ExtensibilityGlobals) = postSolution
		SolutionGuid = {BC6D6AE8-77C7-47C6-A496-734CD0C4474E}
	EndGlobalSection
EndGlobal
